
Microsoft Visual Studio Solution File, Format Version 12.00
# Visual Studio Version 17
VisualStudioVersion = 17.7.34221.43
MinimumVisualStudioVersion = 10.0.40219.1
Project("{9A19103F-16F7-4668-BE54-9A1E7A4F7556}") = "Lab_7_OOP_2023", "Lab_1_OOP_2023\Lab_7_OOP_2023.csproj", "{2679166F-98C8-4461-A008-E8BEFB4FBC33}"
EndProject
Project("{9A19103F-16F7-4668-BE54-9A1E7A4F7556}") = "TestProject_for_OOP", "TestProject_for_OOP\TestProject_for_OOP.csproj", "{8FD1A53F-450C-4EB7-8025-19FF2D45AA3D}"
EndProject
Global
	GlobalSection(SolutionConfigurationPlatforms) = preSolution
		Debug|Any CPU = Debug|Any CPU
		Release|Any CPU = Release|Any CPU
	EndGlobalSection
	GlobalSection(ProjectConfigurationPlatforms) = postSolution
		{2679166F-98C8-4461-A008-E8BEFB4FBC33}.Debug|Any CPU.ActiveCfg = Debug|Any CPU
		{2679166F-98C8-4461-A008-E8BEFB4FBC33}.Debug|Any CPU.Build.0 = Debug|Any CPU
		{2679166F-98C8-4461-A008-E8BEFB4FBC33}.Release|Any CPU.ActiveCfg = Release|Any CPU
		{2679166F-98C8-4461-A008-E8BEFB4FBC33}.Release|Any CPU.Build.0 = Release|Any CPU
		{8FD1A53F-450C-4EB7-8025-19FF2D45AA3D}.Debug|Any CPU.ActiveCfg = Debug|Any CPU
		{8FD1A53F-450C-4EB7-8025-19FF2D45AA3D}.Debug|Any CPU.Build.0 = Debug|Any CPU
		{8FD1A53F-450C-4EB7-8025-19FF2D45AA3D}.Release|Any CPU.ActiveCfg = Release|Any CPU
		{8FD1A53F-450C-4EB7-8025-19FF2D45AA3D}.Release|Any CPU.Build.0 = Release|Any CPU
	EndGlobalSection
	GlobalSection(SolutionProperties) = preSolution
		HideSolutionNode = FALSE
	EndGlobalSection
	GlobalSection(ExtensibilityGlobals) = postSolution
		SolutionGuid = {D305B658-C49B-40FE-90B2-0F964EC33943}
	EndGlobalSection
EndGlobal
